
Microsoft Visual Studio Solution File, Format Version 12.00
# Visual Studio Version 17
VisualStudioVersion = 17.5.33627.172
MinimumVisualStudioVersion = 10.0.40219.1
Project("{FAE04EC0-301F-11D3-BF4B-00C04F79EFBC}") = "Draw_Circle", "Draw_Circle.csproj", "{39B84E73-DAA8-4FDD-A063-2EDCDF0102E1}"
EndProject
Global
	GlobalSection(SolutionConfigurationPlatforms) = preSolution
		Debug|Any CPU = Debug|Any CPU
		Release|Any CPU = Release|Any CPU
	EndGlobalSection
	GlobalSection(ProjectConfigurationPlatforms) = postSolution
		{39B84E73-DAA8-4FDD-A063-2EDCDF0102E1}.Debug|Any CPU.ActiveCfg = Debug|Any CPU
		{39B84E73-DAA8-4FDD-A063-2EDCDF0102E1}.Debug|Any CPU.Build.0 = Debug|Any CPU
		{39B84E73-DAA8-4FDD-A063-2EDCDF0102E1}.Release|Any CPU.ActiveCfg = Release|Any CPU
		{39B84E73-DAA8-4FDD-A063-2EDCDF0102E1}.Release|Any CPU.Build.0 = Release|Any CPU
	EndGlobalSection
	GlobalSection(SolutionProperties) = preSolution
		HideSolutionNode = FALSE
	EndGlobalSection
	GlobalSection(ExtensibilityGlobals) = postSolution
		SolutionGuid = {343CE2CD-28FB-474D-9938-9827FD81B4F8}
	EndGlobalSection
EndGlobal
