
Microsoft Visual Studio Solution File, Format Version 12.00
# Visual Studio Version 17
VisualStudioVersion = 17.5.33627.172
MinimumVisualStudioVersion = 10.0.40219.1
Project("{FAE04EC0-301F-11D3-BF4B-00C04F79EFBC}") = "Draw_Triangle", "Draw_Triangle.csproj", "{037B9F8B-6CA7-4A2E-817E-8F58B8768E91}"
EndProject
Global
	GlobalSection(SolutionConfigurationPlatforms) = preSolution
		Debug|Any CPU = Debug|Any CPU
		Release|Any CPU = Release|Any CPU
	EndGlobalSection
	GlobalSection(ProjectConfigurationPlatforms) = postSolution
		{037B9F8B-6CA7-4A2E-817E-8F58B8768E91}.Debug|Any CPU.ActiveCfg = Debug|Any CPU
		{037B9F8B-6CA7-4A2E-817E-8F58B8768E91}.Debug|Any CPU.Build.0 = Debug|Any CPU
		{037B9F8B-6CA7-4A2E-817E-8F58B8768E91}.Release|Any CPU.ActiveCfg = Release|Any CPU
		{037B9F8B-6CA7-4A2E-817E-8F58B8768E91}.Release|Any CPU.Build.0 = Release|Any CPU
	EndGlobalSection
	GlobalSection(SolutionProperties) = preSolution
		HideSolutionNode = FALSE
	EndGlobalSection
	GlobalSection(ExtensibilityGlobals) = postSolution
		SolutionGuid = {ED4FE720-BB49-4FFC-8C8E-4EB57BD32F3C}
	EndGlobalSection
EndGlobal
