
Microsoft Visual Studio Solution File, Format Version 12.00
# Visual Studio Version 17
VisualStudioVersion = 17.5.33627.172
MinimumVisualStudioVersion = 10.0.40219.1
Project("{FAE04EC0-301F-11D3-BF4B-00C04F79EFBC}") = "BarcodeGenerator", "BarcodeGenerator.csproj", "{E6C1686A-016B-4604-8530-0BCCB28072FD}"
EndProject
Global
	GlobalSection(SolutionConfigurationPlatforms) = preSolution
		Debug|Any CPU = Debug|Any CPU
		Release|Any CPU = Release|Any CPU
	EndGlobalSection
	GlobalSection(ProjectConfigurationPlatforms) = postSolution
		{E6C1686A-016B-4604-8530-0BCCB28072FD}.Debug|Any CPU.ActiveCfg = Debug|Any CPU
		{E6C1686A-016B-4604-8530-0BCCB28072FD}.Debug|Any CPU.Build.0 = Debug|Any CPU
		{E6C1686A-016B-4604-8530-0BCCB28072FD}.Release|Any CPU.ActiveCfg = Release|Any CPU
		{E6C1686A-016B-4604-8530-0BCCB28072FD}.Release|Any CPU.Build.0 = Release|Any CPU
	EndGlobalSection
	GlobalSection(SolutionProperties) = preSolution
		HideSolutionNode = FALSE
	EndGlobalSection
	GlobalSection(ExtensibilityGlobals) = postSolution
		SolutionGuid = {1DB16690-17FE-4E7E-9A18-CC8597A8515C}
	EndGlobalSection
EndGlobal
