
Microsoft Visual Studio Solution File, Format Version 12.00
# Visual Studio Version 17
VisualStudioVersion = 17.5.33424.131
MinimumVisualStudioVersion = 10.0.40219.1
Project("{FAE04EC0-301F-11D3-BF4B-00C04F79EFBC}") = "Methods", "Methods.csproj", "{13C7223B-E5AC-4183-B5F2-31884B9C9BEF}"
EndProject
Global
	GlobalSection(SolutionConfigurationPlatforms) = preSolution
		Debug|Any CPU = Debug|Any CPU
		Release|Any CPU = Release|Any CPU
	EndGlobalSection
	GlobalSection(ProjectConfigurationPlatforms) = postSolution
		{13C7223B-E5AC-4183-B5F2-31884B9C9BEF}.Debug|Any CPU.ActiveCfg = Debug|Any CPU
		{13C7223B-E5AC-4183-B5F2-31884B9C9BEF}.Debug|Any CPU.Build.0 = Debug|Any CPU
		{13C7223B-E5AC-4183-B5F2-31884B9C9BEF}.Release|Any CPU.ActiveCfg = Release|Any CPU
		{13C7223B-E5AC-4183-B5F2-31884B9C9BEF}.Release|Any CPU.Build.0 = Release|Any CPU
	EndGlobalSection
	GlobalSection(SolutionProperties) = preSolution
		HideSolutionNode = FALSE
	EndGlobalSection
	GlobalSection(ExtensibilityGlobals) = postSolution
		SolutionGuid = {6C0767FE-9DE9-4CAB-BD86-F8F65C7C507B}
	EndGlobalSection
EndGlobal
