
Microsoft Visual Studio Solution File, Format Version 12.00
# Visual Studio Version 17
VisualStudioVersion = 17.5.33424.131
MinimumVisualStudioVersion = 10.0.40219.1
Project("{FAE04EC0-301F-11D3-BF4B-00C04F79EFBC}") = "Koleksiyonlar-Soru-2", "Koleksiyonlar-Soru-2.csproj", "{21D5C46E-5898-4878-BEA9-8907C25ACC19}"
EndProject
Global
	GlobalSection(SolutionConfigurationPlatforms) = preSolution
		Debug|Any CPU = Debug|Any CPU
		Release|Any CPU = Release|Any CPU
	EndGlobalSection
	GlobalSection(ProjectConfigurationPlatforms) = postSolution
		{21D5C46E-5898-4878-BEA9-8907C25ACC19}.Debug|Any CPU.ActiveCfg = Debug|Any CPU
		{21D5C46E-5898-4878-BEA9-8907C25ACC19}.Debug|Any CPU.Build.0 = Debug|Any CPU
		{21D5C46E-5898-4878-BEA9-8907C25ACC19}.Release|Any CPU.ActiveCfg = Release|Any CPU
		{21D5C46E-5898-4878-BEA9-8907C25ACC19}.Release|Any CPU.Build.0 = Release|Any CPU
	EndGlobalSection
	GlobalSection(SolutionProperties) = preSolution
		HideSolutionNode = FALSE
	EndGlobalSection
	GlobalSection(ExtensibilityGlobals) = postSolution
		SolutionGuid = {B12C9551-6A5A-4E67-A63C-0D03ADA84C74}
	EndGlobalSection
EndGlobal
