
Microsoft Visual Studio Solution File, Format Version 12.00
# Visual Studio Version 17
VisualStudioVersion = 17.5.33627.172
MinimumVisualStudioVersion = 10.0.40219.1
Project("{FAE04EC0-301F-11D3-BF4B-00C04F79EFBC}") = "Sessiz_Harf", "Sessiz_Harf.csproj", "{9DEF2B86-ADA2-4D57-AA93-AC93B5F1F202}"
EndProject
Global
	GlobalSection(SolutionConfigurationPlatforms) = preSolution
		Debug|Any CPU = Debug|Any CPU
		Release|Any CPU = Release|Any CPU
	EndGlobalSection
	GlobalSection(ProjectConfigurationPlatforms) = postSolution
		{9DEF2B86-ADA2-4D57-AA93-AC93B5F1F202}.Debug|Any CPU.ActiveCfg = Debug|Any CPU
		{9DEF2B86-ADA2-4D57-AA93-AC93B5F1F202}.Debug|Any CPU.Build.0 = Debug|Any CPU
		{9DEF2B86-ADA2-4D57-AA93-AC93B5F1F202}.Release|Any CPU.ActiveCfg = Release|Any CPU
		{9DEF2B86-ADA2-4D57-AA93-AC93B5F1F202}.Release|Any CPU.Build.0 = Release|Any CPU
	EndGlobalSection
	GlobalSection(SolutionProperties) = preSolution
		HideSolutionNode = FALSE
	EndGlobalSection
	GlobalSection(ExtensibilityGlobals) = postSolution
		SolutionGuid = {4717A3E4-23C6-4C7D-B53C-170AF51ABE06}
	EndGlobalSection
EndGlobal
