
Microsoft Visual Studio Solution File, Format Version 12.00
# Visual Studio Version 17
VisualStudioVersion = 17.5.33424.131
MinimumVisualStudioVersion = 10.0.40219.1
Project("{FAE04EC0-301F-11D3-BF4B-00C04F79EFBC}") = "Static", "Static.csproj", "{A777BDD0-2842-4528-9C37-A03CC9DC5365}"
EndProject
Global
	GlobalSection(SolutionConfigurationPlatforms) = preSolution
		Debug|Any CPU = Debug|Any CPU
		Release|Any CPU = Release|Any CPU
	EndGlobalSection
	GlobalSection(ProjectConfigurationPlatforms) = postSolution
		{A777BDD0-2842-4528-9C37-A03CC9DC5365}.Debug|Any CPU.ActiveCfg = Debug|Any CPU
		{A777BDD0-2842-4528-9C37-A03CC9DC5365}.Debug|Any CPU.Build.0 = Debug|Any CPU
		{A777BDD0-2842-4528-9C37-A03CC9DC5365}.Release|Any CPU.ActiveCfg = Release|Any CPU
		{A777BDD0-2842-4528-9C37-A03CC9DC5365}.Release|Any CPU.Build.0 = Release|Any CPU
	EndGlobalSection
	GlobalSection(SolutionProperties) = preSolution
		HideSolutionNode = FALSE
	EndGlobalSection
	GlobalSection(ExtensibilityGlobals) = postSolution
		SolutionGuid = {E494F579-C150-4304-8716-E5CB06A29BC9}
	EndGlobalSection
EndGlobal
