
Microsoft Visual Studio Solution File, Format Version 12.00
# Visual Studio Version 17
VisualStudioVersion = 17.5.33424.131
MinimumVisualStudioVersion = 10.0.40219.1
Project("{FAE04EC0-301F-11D3-BF4B-00C04F79EFBC}") = "Exception_Handling", "Exception_Handling.csproj", "{6A06E67C-73FA-4B8A-BD62-F4350D0EB32C}"
EndProject
Global
	GlobalSection(SolutionConfigurationPlatforms) = preSolution
		Debug|Any CPU = Debug|Any CPU
		Release|Any CPU = Release|Any CPU
	EndGlobalSection
	GlobalSection(ProjectConfigurationPlatforms) = postSolution
		{6A06E67C-73FA-4B8A-BD62-F4350D0EB32C}.Debug|Any CPU.ActiveCfg = Debug|Any CPU
		{6A06E67C-73FA-4B8A-BD62-F4350D0EB32C}.Debug|Any CPU.Build.0 = Debug|Any CPU
		{6A06E67C-73FA-4B8A-BD62-F4350D0EB32C}.Release|Any CPU.ActiveCfg = Release|Any CPU
		{6A06E67C-73FA-4B8A-BD62-F4350D0EB32C}.Release|Any CPU.Build.0 = Release|Any CPU
	EndGlobalSection
	GlobalSection(SolutionProperties) = preSolution
		HideSolutionNode = FALSE
	EndGlobalSection
	GlobalSection(ExtensibilityGlobals) = postSolution
		SolutionGuid = {9858CC26-E3E0-40C3-8683-12C7DE6C8E44}
	EndGlobalSection
EndGlobal
