
Microsoft Visual Studio Solution File, Format Version 12.00
# Visual Studio Version 17
VisualStudioVersion = 17.5.33627.172
MinimumVisualStudioVersion = 10.0.40219.1
Project("{FAE04EC0-301F-11D3-BF4B-00C04F79EFBC}") = "Voting_App", "Voting_App.csproj", "{625FB44E-359E-48B5-93D3-C6745B19F00E}"
EndProject
Global
	GlobalSection(SolutionConfigurationPlatforms) = preSolution
		Debug|Any CPU = Debug|Any CPU
		Release|Any CPU = Release|Any CPU
	EndGlobalSection
	GlobalSection(ProjectConfigurationPlatforms) = postSolution
		{625FB44E-359E-48B5-93D3-C6745B19F00E}.Debug|Any CPU.ActiveCfg = Debug|Any CPU
		{625FB44E-359E-48B5-93D3-C6745B19F00E}.Debug|Any CPU.Build.0 = Debug|Any CPU
		{625FB44E-359E-48B5-93D3-C6745B19F00E}.Release|Any CPU.ActiveCfg = Release|Any CPU
		{625FB44E-359E-48B5-93D3-C6745B19F00E}.Release|Any CPU.Build.0 = Release|Any CPU
	EndGlobalSection
	GlobalSection(SolutionProperties) = preSolution
		HideSolutionNode = FALSE
	EndGlobalSection
	GlobalSection(ExtensibilityGlobals) = postSolution
		SolutionGuid = {12A47EDE-7A66-49A3-9C86-843966640687}
	EndGlobalSection
EndGlobal
